
Microsoft Visual Studio Solution File, Format Version 12.00
# Visual Studio Version 16
VisualStudioVersion = 16.0.30128.74
MinimumVisualStudioVersion = 10.0.40219.1
Project("{FAE04EC0-301F-11D3-BF4B-00C04F79EFBC}") = "Mobiles accounting", "Mobiles accounting\Mobiles accounting.csproj", "{706592D7-0C6A-4A70-8B24-F5E15AC3670A}"
EndProject
Global
	GlobalSection(SolutionConfigurationPlatforms) = preSolution
		Debug|Any CPU = Debug|Any CPU
		Release|Any CPU = Release|Any CPU
	EndGlobalSection
	GlobalSection(ProjectConfigurationPlatforms) = postSolution
		{706592D7-0C6A-4A70-8B24-F5E15AC3670A}.Debug|Any CPU.ActiveCfg = Debug|Any CPU
		{706592D7-0C6A-4A70-8B24-F5E15AC3670A}.Debug|Any CPU.Build.0 = Debug|Any CPU
		{706592D7-0C6A-4A70-8B24-F5E15AC3670A}.Release|Any CPU.ActiveCfg = Release|Any CPU
		{706592D7-0C6A-4A70-8B24-F5E15AC3670A}.Release|Any CPU.Build.0 = Release|Any CPU
	EndGlobalSection
	GlobalSection(SolutionProperties) = preSolution
		HideSolutionNode = FALSE
	EndGlobalSection
	GlobalSection(ExtensibilityGlobals) = postSolution
		SolutionGuid = {10250B6D-706A-45A5-AB35-5EBEE5A5A3E9}
	EndGlobalSection
EndGlobal
